
Microsoft Visual Studio Solution File, Format Version 12.00
# Visual Studio Version 17
VisualStudioVersion = 17.0.32112.339
MinimumVisualStudioVersion = 10.0.40219.1
Project("{888888A0-9F3D-457C-B088-3A5042F75D52}") = "pay computation with function", "pay computation with function.pyproj", "{CBA0943B-9DB9-4F74-A758-2ABBB94BE976}"
EndProject
Global
	GlobalSection(SolutionConfigurationPlatforms) = preSolution
		Debug|Any CPU = Debug|Any CPU
		Release|Any CPU = Release|Any CPU
	EndGlobalSection
	GlobalSection(ProjectConfigurationPlatforms) = postSolution
		{CBA0943B-9DB9-4F74-A758-2ABBB94BE976}.Debug|Any CPU.ActiveCfg = Debug|Any CPU
		{CBA0943B-9DB9-4F74-A758-2ABBB94BE976}.Release|Any CPU.ActiveCfg = Release|Any CPU
	EndGlobalSection
	GlobalSection(SolutionProperties) = preSolution
		HideSolutionNode = FALSE
	EndGlobalSection
	GlobalSection(ExtensibilityGlobals) = postSolution
		SolutionGuid = {1A3C3BDC-68EE-4B9E-AD92-D92D8B732999}
	EndGlobalSection
EndGlobal
